<Solution>
  <Folder Name="/src/">
    <Project Path="src/Shared.Contracts/Shared.Contracts.csproj" />
  </Folder>
  <Folder Name="/src/EventService/">
    <Project Path="src/EventService/EventService.Api/EventService.Api.csproj" />
    <Project Path="src/EventService/EventService.Application/EventService.Application.csproj" />
    <Project Path="src/EventService/EventService.Domain/EventService.Domain.csproj" />
    <Project Path="src/EventService/EventService.Infrastructure/EventService.Infrastructure.csproj" />
  </Folder>
  <Folder Name="/src/NotificationService/">
    <Project Path="src/NotificationService/NotificationService.Api/NotificationService.Api.csproj" />
    <Project Path="src/NotificationService/NotificationService.Application/NotificationService.Application.csproj" />
    <Project Path="src/NotificationService/NotificationService.Domain/NotificationService.Domain.csproj" />
    <Project Path="src/NotificationService/NotificationService.Infrastructure/NotificationService.Infrastructure.csproj" />
  </Folder>
</Solution>
